# This file is automatically @generated by Poetry 1.8.3 and should not be changed by hand.

[[package]]
name = "integer"
version = "1.0"
description = "Package for creating integer types"
optional = false
python-versions = "*"
files = [
    {file = "integer-1.0.tar.gz", hash = "sha256:6bade7b0c5b453ebcb8cd0fa7bc44f04e504f60af744b7badd92c468a8a66095"},
]

[metadata]
lock-version = "2.0"
python-versions = "^3.10"
content-hash = "f657f4b71c2173239b15c25d74bf7d6883c86476f9d9c9a442a94002a71bce6a"
